// !$*UTF8*$!
{
	archiveVersion = 1;
	classes = {
	};
	objectVersion = 46;
	objects = {

/* Begin PBXBuildFile section */
		C32263681C60F528000BEF56 /* AVFoundation.framework in Frameworks */ = {isa = PBXBuildFile; fileRef = C32263671C60F528000BEF56 /* AVFoundation.framework */; };
		C323D5841C5FED670012F5FF /* Validator.swift in Sources */ = {isa = PBXBuildFile; fileRef = C323D5831C5FED670012F5FF /* Validator.swift */; };
		C323D5861C600C9F0012F5FF /* Message.swift in Sources */ = {isa = PBXBuildFile; fileRef = C323D5851C600C9F0012F5FF /* Message.swift */; };
		C32589E61C61F6F500989427 /* LibraryViewController.swift in Sources */ = {isa = PBXBuildFile; fileRef = C32589E51C61F6F500989427 /* LibraryViewController.swift */; };
		C32589E81C61F74900989427 /* PhotoViewController.swift in Sources */ = {isa = PBXBuildFile; fileRef = C32589E71C61F74900989427 /* PhotoViewController.swift */; };
		C340020D1C5FB96400E798E1 /* Images.xcassets in Resources */ = {isa = PBXBuildFile; fileRef = C340020C1C5FB96400E798E1 /* Images.xcassets */; };
		C34002111C5FC13700E798E1 /* AudioToolbox.framework in Frameworks */ = {isa = PBXBuildFile; fileRef = C34002101C5FC13700E798E1 /* AudioToolbox.framework */; };
		C34002131C5FC13E00E798E1 /* CFNetwork.framework in Frameworks */ = {isa = PBXBuildFile; fileRef = C34002121C5FC13E00E798E1 /* CFNetwork.framework */; };
		C34002151C5FC14600E798E1 /* CoreGraphics.framework in Frameworks */ = {isa = PBXBuildFile; fileRef = C34002141C5FC14600E798E1 /* CoreGraphics.framework */; };
		C34002171C5FC14D00E798E1 /* CoreLocation.framework in Frameworks */ = {isa = PBXBuildFile; fileRef = C34002161C5FC14D00E798E1 /* CoreLocation.framework */; };
		C34002191C5FC15400E798E1 /* QuartzCore.framework in Frameworks */ = {isa = PBXBuildFile; fileRef = C34002181C5FC15400E798E1 /* QuartzCore.framework */; };
		C340021B1C5FC15B00E798E1 /* Security.framework in Frameworks */ = {isa = PBXBuildFile; fileRef = C340021A1C5FC15B00E798E1 /* Security.framework */; };
		C340021D1C5FC16200E798E1 /* StoreKit.framework in Frameworks */ = {isa = PBXBuildFile; fileRef = C340021C1C5FC16200E798E1 /* StoreKit.framework */; };
		C340021F1C5FC16800E798E1 /* SystemConfiguration.framework in Frameworks */ = {isa = PBXBuildFile; fileRef = C340021E1C5FC16800E798E1 /* SystemConfiguration.framework */; };
		C34002211C5FC16F00E798E1 /* libz.tbd in Frameworks */ = {isa = PBXBuildFile; fileRef = C34002201C5FC16F00E798E1 /* libz.tbd */; };
		C34002231C5FC17400E798E1 /* libsqlite3.tbd in Frameworks */ = {isa = PBXBuildFile; fileRef = C34002221C5FC17400E798E1 /* libsqlite3.tbd */; };
		C34002251C5FC1B800E798E1 /* Bolts.framework in Frameworks */ = {isa = PBXBuildFile; fileRef = C34002241C5FC1B800E798E1 /* Bolts.framework */; };
		C34002271C5FC1C000E798E1 /* Parse.framework in Frameworks */ = {isa = PBXBuildFile; fileRef = C34002261C5FC1C000E798E1 /* Parse.framework */; };
		C34F7C241C5FB32900E10F8A /* LoginViewController.swift in Sources */ = {isa = PBXBuildFile; fileRef = C34F7C231C5FB32900E10F8A /* LoginViewController.swift */; };
		C34F7C261C5FB34700E10F8A /* RegisterViewController.swift in Sources */ = {isa = PBXBuildFile; fileRef = C34F7C251C5FB34700E10F8A /* RegisterViewController.swift */; };
		C36006EB1C60B8C8001A3422 /* MenuViewController.swift in Sources */ = {isa = PBXBuildFile; fileRef = C36006EA1C60B8C8001A3422 /* MenuViewController.swift */; };
		C36007361C60D030001A3422 /* AudioViewController.m in Sources */ = {isa = PBXBuildFile; fileRef = C36007351C60D030001A3422 /* AudioViewController.m */; };
		C3761B5C1C5F87680076762F /* AppDelegate.swift in Sources */ = {isa = PBXBuildFile; fileRef = C3761B5B1C5F87680076762F /* AppDelegate.swift */; };
		C3761B5E1C5F87680076762F /* HomeViewController.swift in Sources */ = {isa = PBXBuildFile; fileRef = C3761B5D1C5F87680076762F /* HomeViewController.swift */; };
		C3761B611C5F87680076762F /* Main.storyboard in Resources */ = {isa = PBXBuildFile; fileRef = C3761B5F1C5F87680076762F /* Main.storyboard */; };
		C3761B661C5F87680076762F /* LaunchScreen.storyboard in Resources */ = {isa = PBXBuildFile; fileRef = C3761B641C5F87680076762F /* LaunchScreen.storyboard */; };
		C3761B711C5F87680076762F /* MyTinyEnglishAppTests.swift in Sources */ = {isa = PBXBuildFile; fileRef = C3761B701C5F87680076762F /* MyTinyEnglishAppTests.swift */; };
		C3761B7C1C5F87680076762F /* MyTinyEnglishAppUITests.swift in Sources */ = {isa = PBXBuildFile; fileRef = C3761B7B1C5F87680076762F /* MyTinyEnglishAppUITests.swift */; };
/* End PBXBuildFile section */

/* Begin PBXContainerItemProxy section */
		C3761B6D1C5F87680076762F /* PBXContainerItemProxy */ = {
			isa = PBXContainerItemProxy;
			containerPortal = C3761B501C5F87680076762F /* Project object */;
			proxyType = 1;
			remoteGlobalIDString = C3761B571C5F87680076762F;
			remoteInfo = MyTinyEnglishApp;
		};
		C3761B781C5F87680076762F /* PBXContainerItemProxy */ = {
			isa = PBXContainerItemProxy;
			containerPortal = C3761B501C5F87680076762F /* Project object */;
			proxyType = 1;
			remoteGlobalIDString = C3761B571C5F87680076762F;
			remoteInfo = MyTinyEnglishApp;
		};
/* End PBXContainerItemProxy section */

/* Begin PBXFileReference section */
		C32263671C60F528000BEF56 /* AVFoundation.framework */ = {isa = PBXFileReference; lastKnownFileType = wrapper.framework; name = AVFoundation.framework; path = System/Library/Frameworks/AVFoundation.framework; sourceTree = SDKROOT; };
		C323D5831C5FED670012F5FF /* Validator.swift */ = {isa = PBXFileReference; fileEncoding = 4; lastKnownFileType = sourcecode.swift; path = Validator.swift; sourceTree = "<group>"; };
		C323D5851C600C9F0012F5FF /* Message.swift */ = {isa = PBXFileReference; fileEncoding = 4; lastKnownFileType = sourcecode.swift; path = Message.swift; sourceTree = "<group>"; };
		C32589E51C61F6F500989427 /* LibraryViewController.swift */ = {isa = PBXFileReference; fileEncoding = 4; lastKnownFileType = sourcecode.swift; path = LibraryViewController.swift; sourceTree = "<group>"; };
		C32589E71C61F74900989427 /* PhotoViewController.swift */ = {isa = PBXFileReference; fileEncoding = 4; lastKnownFileType = sourcecode.swift; path = PhotoViewController.swift; sourceTree = "<group>"; };
		C340020C1C5FB96400E798E1 /* Images.xcassets */ = {isa = PBXFileReference; lastKnownFileType = folder.assetcatalog; path = Images.xcassets; sourceTree = "<group>"; };
		C34002101C5FC13700E798E1 /* AudioToolbox.framework */ = {isa = PBXFileReference; lastKnownFileType = wrapper.framework; name = AudioToolbox.framework; path = System/Library/Frameworks/AudioToolbox.framework; sourceTree = SDKROOT; };
		C34002121C5FC13E00E798E1 /* CFNetwork.framework */ = {isa = PBXFileReference; lastKnownFileType = wrapper.framework; name = CFNetwork.framework; path = System/Library/Frameworks/CFNetwork.framework; sourceTree = SDKROOT; };
		C34002141C5FC14600E798E1 /* CoreGraphics.framework */ = {isa = PBXFileReference; lastKnownFileType = wrapper.framework; name = CoreGraphics.framework; path = System/Library/Frameworks/CoreGraphics.framework; sourceTree = SDKROOT; };
		C34002161C5FC14D00E798E1 /* CoreLocation.framework */ = {isa = PBXFileReference; lastKnownFileType = wrapper.framework; name = CoreLocation.framework; path = System/Library/Frameworks/CoreLocation.framework; sourceTree = SDKROOT; };
		C34002181C5FC15400E798E1 /* QuartzCore.framework */ = {isa = PBXFileReference; lastKnownFileType = wrapper.framework; name = QuartzCore.framework; path = System/Library/Frameworks/QuartzCore.framework; sourceTree = SDKROOT; };
		C340021A1C5FC15B00E798E1 /* Security.framework */ = {isa = PBXFileReference; lastKnownFileType = wrapper.framework; name = Security.framework; path = System/Library/Frameworks/Security.framework; sourceTree = SDKROOT; };
		C340021C1C5FC16200E798E1 /* StoreKit.framework */ = {isa = PBXFileReference; lastKnownFileType = wrapper.framework; name = StoreKit.framework; path = System/Library/Frameworks/StoreKit.framework; sourceTree = SDKROOT; };
		C340021E1C5FC16800E798E1 /* SystemConfiguration.framework */ = {isa = PBXFileReference; lastKnownFileType = wrapper.framework; name = SystemConfiguration.framework; path = System/Library/Frameworks/SystemConfiguration.framework; sourceTree = SDKROOT; };
		C34002201C5FC16F00E798E1 /* libz.tbd */ = {isa = PBXFileReference; lastKnownFileType = "sourcecode.text-based-dylib-definition"; name = libz.tbd; path = usr/lib/libz.tbd; sourceTree = SDKROOT; };
		C34002221C5FC17400E798E1 /* libsqlite3.tbd */ = {isa = PBXFileReference; lastKnownFileType = "sourcecode.text-based-dylib-definition"; name = libsqlite3.tbd; path = usr/lib/libsqlite3.tbd; sourceTree = SDKROOT; };
		C34002241C5FC1B800E798E1 /* Bolts.framework */ = {isa = PBXFileReference; lastKnownFileType = wrapper.framework; path = Bolts.framework; sourceTree = "<group>"; };
		C34002261C5FC1C000E798E1 /* Parse.framework */ = {isa = PBXFileReference; lastKnownFileType = wrapper.framework; path = Parse.framework; sourceTree = "<group>"; };
		C34F7C231C5FB32900E10F8A /* LoginViewController.swift */ = {isa = PBXFileReference; fileEncoding = 4; lastKnownFileType = sourcecode.swift; path = LoginViewController.swift; sourceTree = "<group>"; };
		C34F7C251C5FB34700E10F8A /* RegisterViewController.swift */ = {isa = PBXFileReference; fileEncoding = 4; lastKnownFileType = sourcecode.swift; path = RegisterViewController.swift; sourceTree = "<group>"; };
		C36006EA1C60B8C8001A3422 /* MenuViewController.swift */ = {isa = PBXFileReference; fileEncoding = 4; lastKnownFileType = sourcecode.swift; path = MenuViewController.swift; sourceTree = "<group>"; };
		C36006EE1C60BEE7001A3422 /* MyTinyEnglishApp-Bridging-Header.h */ = {isa = PBXFileReference; lastKnownFileType = sourcecode.c.h; path = "MyTinyEnglishApp-Bridging-Header.h"; sourceTree = "<group>"; };
		C36007341C60D030001A3422 /* AudioViewController.h */ = {isa = PBXFileReference; fileEncoding = 4; lastKnownFileType = sourcecode.c.h; path = AudioViewController.h; sourceTree = "<group>"; };
		C36007351C60D030001A3422 /* AudioViewController.m */ = {isa = PBXFileReference; fileEncoding = 4; lastKnownFileType = sourcecode.c.objc; path = AudioViewController.m; sourceTree = "<group>"; };
		C3761B581C5F87680076762F /* MyTinyEnglishApp.app */ = {isa = PBXFileReference; explicitFileType = wrapper.application; includeInIndex = 0; path = MyTinyEnglishApp.app; sourceTree = BUILT_PRODUCTS_DIR; };
		C3761B5B1C5F87680076762F /* AppDelegate.swift */ = {isa = PBXFileReference; lastKnownFileType = sourcecode.swift; path = AppDelegate.swift; sourceTree = "<group>"; };
		C3761B5D1C5F87680076762F /* HomeViewController.swift */ = {isa = PBXFileReference; lastKnownFileType = sourcecode.swift; path = HomeViewController.swift; sourceTree = "<group>"; };
		C3761B601C5F87680076762F /* Base */ = {isa = PBXFileReference; lastKnownFileType = file.storyboard; name = Base; path = Base.lproj/Main.storyboard; sourceTree = "<group>"; };
		C3761B651C5F87680076762F /* Base */ = {isa = PBXFileReference; lastKnownFileType = file.storyboard; name = Base; path = Base.lproj/LaunchScreen.storyboard; sourceTree = "<group>"; };
		C3761B671C5F87680076762F /* Info.plist */ = {isa = PBXFileReference; lastKnownFileType = text.plist.xml; path = Info.plist; sourceTree = "<group>"; };
		C3761B6C1C5F87680076762F /* MyTinyEnglishAppTests.xctest */ = {isa = PBXFileReference; explicitFileType = wrapper.cfbundle; includeInIndex = 0; path = MyTinyEnglishAppTests.xctest; sourceTree = BUILT_PRODUCTS_DIR; };
		C3761B701C5F87680076762F /* MyTinyEnglishAppTests.swift */ = {isa = PBXFileReference; lastKnownFileType = sourcecode.swift; path = MyTinyEnglishAppTests.swift; sourceTree = "<group>"; };
		C3761B721C5F87680076762F /* Info.plist */ = {isa = PBXFileReference; lastKnownFileType = text.plist.xml; path = Info.plist; sourceTree = "<group>"; };
		C3761B771C5F87680076762F /* MyTinyEnglishAppUITests.xctest */ = {isa = PBXFileReference; explicitFileType = wrapper.cfbundle; includeInIndex = 0; path = MyTinyEnglishAppUITests.xctest; sourceTree = BUILT_PRODUCTS_DIR; };
		C3761B7B1C5F87680076762F /* MyTinyEnglishAppUITests.swift */ = {isa = PBXFileReference; lastKnownFileType = sourcecode.swift; path = MyTinyEnglishAppUITests.swift; sourceTree = "<group>"; };
		C3761B7D1C5F87680076762F /* Info.plist */ = {isa = PBXFileReference; lastKnownFileType = text.plist.xml; path = Info.plist; sourceTree = "<group>"; };
/* End PBXFileReference section */

/* Begin PBXFrameworksBuildPhase section */
		C3761B551C5F87680076762F /* Frameworks */ = {
			isa = PBXFrameworksBuildPhase;
			buildActionMask = 2147483647;
			files = (
				C32263681C60F528000BEF56 /* AVFoundation.framework in Frameworks */,
				C34002231C5FC17400E798E1 /* libsqlite3.tbd in Frameworks */,
				C34002211C5FC16F00E798E1 /* libz.tbd in Frameworks */,
				C340021F1C5FC16800E798E1 /* SystemConfiguration.framework in Frameworks */,
				C340021D1C5FC16200E798E1 /* StoreKit.framework in Frameworks */,
				C340021B1C5FC15B00E798E1 /* Security.framework in Frameworks */,
				C34002191C5FC15400E798E1 /* QuartzCore.framework in Frameworks */,
				C34002171C5FC14D00E798E1 /* CoreLocation.framework in Frameworks */,
				C34002151C5FC14600E798E1 /* CoreGraphics.framework in Frameworks */,
				C34002251C5FC1B800E798E1 /* Bolts.framework in Frameworks */,
				C34002131C5FC13E00E798E1 /* CFNetwork.framework in Frameworks */,
				C34002271C5FC1C000E798E1 /* Parse.framework in Frameworks */,
				C34002111C5FC13700E798E1 /* AudioToolbox.framework in Frameworks */,
			);
			runOnlyForDeploymentPostprocessing = 0;
		};
		C3761B691C5F87680076762F /* Frameworks */ = {
			isa = PBXFrameworksBuildPhase;
			buildActionMask = 2147483647;
			files = (
			);
			runOnlyForDeploymentPostprocessing = 0;
		};
		C3761B741C5F87680076762F /* Frameworks */ = {
			isa = PBXFrameworksBuildPhase;
			buildActionMask = 2147483647;
			files = (
			);
			runOnlyForDeploymentPostprocessing = 0;
		};
/* End PBXFrameworksBuildPhase section */

/* Begin PBXGroup section */
		C323D5821C5FED420012F5FF /* Common */ = {
			isa = PBXGroup;
			children = (
				C323D5831C5FED670012F5FF /* Validator.swift */,
				C323D5851C600C9F0012F5FF /* Message.swift */,
			);
			name = Common;
			sourceTree = "<group>";
		};
		C340020F1C5FC0AB00E798E1 /* Frameworks */ = {
			isa = PBXGroup;
			children = (
				C34002201C5FC16F00E798E1 /* libz.tbd */,
				C34002221C5FC17400E798E1 /* libsqlite3.tbd */,
				C340021E1C5FC16800E798E1 /* SystemConfiguration.framework */,
				C340021C1C5FC16200E798E1 /* StoreKit.framework */,
				C340021A1C5FC15B00E798E1 /* Security.framework */,
				C34002181C5FC15400E798E1 /* QuartzCore.framework */,
				C34002161C5FC14D00E798E1 /* CoreLocation.framework */,
				C34002141C5FC14600E798E1 /* CoreGraphics.framework */,
				C34002121C5FC13E00E798E1 /* CFNetwork.framework */,
				C34002101C5FC13700E798E1 /* AudioToolbox.framework */,
				C34002261C5FC1C000E798E1 /* Parse.framework */,
				C34002241C5FC1B800E798E1 /* Bolts.framework */,
			);
			name = Frameworks;
			sourceTree = "<group>";
		};
		C347C0DB1C5FC9DD00DB1782 /* View */ = {
			isa = PBXGroup;
			children = (
				C3761B5F1C5F87680076762F /* Main.storyboard */,
			);
			name = View;
			sourceTree = "<group>";
		};
		C347C0DC1C5FC9F000DB1782 /* Images */ = {
			isa = PBXGroup;
			children = (
				C340020C1C5FB96400E798E1 /* Images.xcassets */,
			);
			name = Images;
			sourceTree = "<group>";
		};
		C347C0DD1C5FCA0D00DB1782 /* Helpers */ = {
			isa = PBXGroup;
			children = (
				C3761B641C5F87680076762F /* LaunchScreen.storyboard */,
				C3761B671C5F87680076762F /* Info.plist */,
			);
			name = Helpers;
			sourceTree = "<group>";
		};
		C34F7C221C5FAE1900E10F8A /* Controllers */ = {
			isa = PBXGroup;
			children = (
				C3761B5D1C5F87680076762F /* HomeViewController.swift */,
				C34F7C231C5FB32900E10F8A /* LoginViewController.swift */,
				C34F7C251C5FB34700E10F8A /* RegisterViewController.swift */,
				C36006EA1C60B8C8001A3422 /* MenuViewController.swift */,
				C36006EE1C60BEE7001A3422 /* MyTinyEnglishApp-Bridging-Header.h */,
				C36007341C60D030001A3422 /* AudioViewController.h */,
				C36007351C60D030001A3422 /* AudioViewController.m */,
				C32589E71C61F74900989427 /* PhotoViewController.swift */,
				C32589E51C61F6F500989427 /* LibraryViewController.swift */,
			);
			name = Controllers;
			sourceTree = "<group>";
		};
		C3761B4F1C5F87680076762F = {
			isa = PBXGroup;
			children = (
				C32263671C60F528000BEF56 /* AVFoundation.framework */,
				C3761B5A1C5F87680076762F /* MyTinyEnglishApp */,
				C3761B6F1C5F87680076762F /* MyTinyEnglishAppTests */,
				C3761B7A1C5F87680076762F /* MyTinyEnglishAppUITests */,
				C3761B591C5F87680076762F /* Products */,
			);
			sourceTree = "<group>";
		};
		C3761B591C5F87680076762F /* Products */ = {
			isa = PBXGroup;
			children = (
				C3761B581C5F87680076762F /* MyTinyEnglishApp.app */,
				C3761B6C1C5F87680076762F /* MyTinyEnglishAppTests.xctest */,
				C3761B771C5F87680076762F /* MyTinyEnglishAppUITests.xctest */,
			);
			name = Products;
			sourceTree = "<group>";
		};
		C3761B5A1C5F87680076762F /* MyTinyEnglishApp */ = {
			isa = PBXGroup;
			children = (
				C323D5821C5FED420012F5FF /* Common */,
				C340020F1C5FC0AB00E798E1 /* Frameworks */,
				C3761B5B1C5F87680076762F /* AppDelegate.swift */,
				C34F7C221C5FAE1900E10F8A /* Controllers */,
				C347C0DB1C5FC9DD00DB1782 /* View */,
				C347C0DC1C5FC9F000DB1782 /* Images */,
				C347C0DD1C5FCA0D00DB1782 /* Helpers */,
			);
			path = MyTinyEnglishApp;
			sourceTree = "<group>";
		};
		C3761B6F1C5F87680076762F /* MyTinyEnglishAppTests */ = {
			isa = PBXGroup;
			children = (
				C3761B701C5F87680076762F /* MyTinyEnglishAppTests.swift */,
				C3761B721C5F87680076762F /* Info.plist */,
			);
			path = MyTinyEnglishAppTests;
			sourceTree = "<group>";
		};
		C3761B7A1C5F87680076762F /* MyTinyEnglishAppUITests */ = {
			isa = PBXGroup;
			children = (
				C3761B7B1C5F87680076762F /* MyTinyEnglishAppUITests.swift */,
				C3761B7D1C5F87680076762F /* Info.plist */,
			);
			path = MyTinyEnglishAppUITests;
			sourceTree = "<group>";
		};
/* End PBXGroup section */

/* Begin PBXNativeTarget section */
		C3761B571C5F87680076762F /* MyTinyEnglishApp */ = {
			isa = PBXNativeTarget;
			buildConfigurationList = C3761B801C5F87680076762F /* Build configuration list for PBXNativeTarget "MyTinyEnglishApp" */;
			buildPhases = (
				C3761B541C5F87680076762F /* Sources */,
				C3761B551C5F87680076762F /* Frameworks */,
				C3761B561C5F87680076762F /* Resources */,
			);
			buildRules = (
			);
			dependencies = (
			);
			name = MyTinyEnglishApp;
			productName = MyTinyEnglishApp;
			productReference = C3761B581C5F87680076762F /* MyTinyEnglishApp.app */;
			productType = "com.apple.product-type.application";
		};
		C3761B6B1C5F87680076762F /* MyTinyEnglishAppTests */ = {
			isa = PBXNativeTarget;
			buildConfigurationList = C3761B831C5F87680076762F /* Build configuration list for PBXNativeTarget "MyTinyEnglishAppTests" */;
			buildPhases = (
				C3761B681C5F87680076762F /* Sources */,
				C3761B691C5F87680076762F /* Frameworks */,
				C3761B6A1C5F87680076762F /* Resources */,
			);
			buildRules = (
			);
			dependencies = (
				C3761B6E1C5F87680076762F /* PBXTargetDependency */,
			);
			name = MyTinyEnglishAppTests;
			productName = MyTinyEnglishAppTests;
			productReference = C3761B6C1C5F87680076762F /* MyTinyEnglishAppTests.xctest */;
			productType = "com.apple.product-type.bundle.unit-test";
		};
		C3761B761C5F87680076762F /* MyTinyEnglishAppUITests */ = {
			isa = PBXNativeTarget;
			buildConfigurationList = C3761B861C5F87680076762F /* Build configuration list for PBXNativeTarget "MyTinyEnglishAppUITests" */;
			buildPhases = (
				C3761B731C5F87680076762F /* Sources */,
				C3761B741C5F87680076762F /* Frameworks */,
				C3761B751C5F87680076762F /* Resources */,
			);
			buildRules = (
			);
			dependencies = (
				C3761B791C5F87680076762F /* PBXTargetDependency */,
			);
			name = MyTinyEnglishAppUITests;
			productName = MyTinyEnglishAppUITests;
			productReference = C3761B771C5F87680076762F /* MyTinyEnglishAppUITests.xctest */;
			productType = "com.apple.product-type.bundle.ui-testing";
		};
/* End PBXNativeTarget section */

/* Begin PBXProject section */
		C3761B501C5F87680076762F /* Project object */ = {
			isa = PBXProject;
			attributes = {
				LastSwiftUpdateCheck = 0720;
				LastUpgradeCheck = 0720;
				ORGANIZATIONNAME = Elina;
				TargetAttributes = {
					C3761B571C5F87680076762F = {
						CreatedOnToolsVersion = 7.2;
					};
					C3761B6B1C5F87680076762F = {
						CreatedOnToolsVersion = 7.2;
						TestTargetID = C3761B571C5F87680076762F;
					};
					C3761B761C5F87680076762F = {
						CreatedOnToolsVersion = 7.2;
						TestTargetID = C3761B571C5F87680076762F;
					};
				};
			};
			buildConfigurationList = C3761B531C5F87680076762F /* Build configuration list for PBXProject "MyTinyEnglishApp" */;
			compatibilityVersion = "Xcode 3.2";
			developmentRegion = English;
			hasScannedForEncodings = 0;
			knownRegions = (
				en,
				Base,
			);
			mainGroup = C3761B4F1C5F87680076762F;
			productRefGroup = C3761B591C5F87680076762F /* Products */;
			projectDirPath = "";
			projectRoot = "";
			targets = (
				C3761B571C5F87680076762F /* MyTinyEnglishApp */,
				C3761B6B1C5F87680076762F /* MyTinyEnglishAppTests */,
				C3761B761C5F87680076762F /* MyTinyEnglishAppUITests */,
			);
		};
/* End PBXProject section */

/* Begin PBXResourcesBuildPhase section */
		C3761B561C5F87680076762F /* Resources */ = {
			isa = PBXResourcesBuildPhase;
			buildActionMask = 2147483647;
			files = (
				C340020D1C5FB96400E798E1 /* Images.xcassets in Resources */,
				C3761B661C5F87680076762F /* LaunchScreen.storyboard in Resources */,
				C3761B611C5F87680076762F /* Main.storyboard in Resources */,
			);
			runOnlyForDeploymentPostprocessing = 0;
		};
		C3761B6A1C5F87680076762F /* Resources */ = {
			isa = PBXResourcesBuildPhase;
			buildActionMask = 2147483647;
			files = (
			);
			runOnlyForDeploymentPostprocessing = 0;
		};
		C3761B751C5F87680076762F /* Resources */ = {
			isa = PBXResourcesBuildPhase;
			buildActionMask = 2147483647;
			files = (
			);
			runOnlyForDeploymentPostprocessing = 0;
		};
/* End PBXResourcesBuildPhase section */

/* Begin PBXSourcesBuildPhase section */
		C3761B541C5F87680076762F /* Sources */ = {
			isa = PBXSourcesBuildPhase;
			buildActionMask = 2147483647;
			files = (
				C34F7C241C5FB32900E10F8A /* LoginViewController.swift in Sources */,
				C36007361C60D030001A3422 /* AudioViewController.m in Sources */,
				C3761B5E1C5F87680076762F /* HomeViewController.swift in Sources */,
				C323D5841C5FED670012F5FF /* Validator.swift in Sources */,
				C36006EB1C60B8C8001A3422 /* MenuViewController.swift in Sources */,
				C34F7C261C5FB34700E10F8A /* RegisterViewController.swift in Sources */,
				C323D5861C600C9F0012F5FF /* Message.swift in Sources */,
				C32589E61C61F6F500989427 /* LibraryViewController.swift in Sources */,
				C3761B5C1C5F87680076762F /* AppDelegate.swift in Sources */,
				C32589E81C61F74900989427 /* PhotoViewController.swift in Sources */,
			);
			runOnlyForDeploymentPostprocessing = 0;
		};
		C3761B681C5F87680076762F /* Sources */ = {
			isa = PBXSourcesBuildPhase;
			buildActionMask = 2147483647;
			files = (
				C3761B711C5F87680076762F /* MyTinyEnglishAppTests.swift in Sources */,
			);
			runOnlyForDeploymentPostprocessing = 0;
		};
		C3761B731C5F87680076762F /* Sources */ = {
			isa = PBXSourcesBuildPhase;
			buildActionMask = 2147483647;
			files = (
				C3761B7C1C5F87680076762F /* MyTinyEnglishAppUITests.swift in Sources */,
			);
			runOnlyForDeploymentPostprocessing = 0;
		};
/* End PBXSourcesBuildPhase section */

/* Begin PBXTargetDependency section */
		C3761B6E1C5F87680076762F /* PBXTargetDependency */ = {
			isa = PBXTargetDependency;
			target = C3761B571C5F87680076762F /* MyTinyEnglishApp */;
			targetProxy = C3761B6D1C5F87680076762F /* PBXContainerItemProxy */;
		};
		C3761B791C5F87680076762F /* PBXTargetDependency */ = {
			isa = PBXTargetDependency;
			target = C3761B571C5F87680076762F /* MyTinyEnglishApp */;
			targetProxy = C3761B781C5F87680076762F /* PBXContainerItemProxy */;
		};
/* End PBXTargetDependency section */

/* Begin PBXVariantGroup section */
		C3761B5F1C5F87680076762F /* Main.storyboard */ = {
			isa = PBXVariantGroup;
			children = (
				C3761B601C5F87680076762F /* Base */,
			);
			name = Main.storyboard;
			sourceTree = "<group>";
		};
		C3761B641C5F87680076762F /* LaunchScreen.storyboard */ = {
			isa = PBXVariantGroup;
			children = (
				C3761B651C5F87680076762F /* Base */,
			);
			name = LaunchScreen.storyboard;
			sourceTree = "<group>";
		};
/* End PBXVariantGroup section */

/* Begin XCBuildConfiguration section */
		C3761B7E1C5F87680076762F /* Debug */ = {
			isa = XCBuildConfiguration;
			buildSettings = {
				ALWAYS_SEARCH_USER_PATHS = NO;
				CLANG_CXX_LANGUAGE_STANDARD = "gnu++0x";
				CLANG_CXX_LIBRARY = "libc++";
				CLANG_ENABLE_MODULES = YES;
				CLANG_ENABLE_OBJC_ARC = YES;
				CLANG_WARN_BOOL_CONVERSION = YES;
				CLANG_WARN_CONSTANT_CONVERSION = YES;
				CLANG_WARN_DIRECT_OBJC_ISA_USAGE = YES_ERROR;
				CLANG_WARN_EMPTY_BODY = YES;
				CLANG_WARN_ENUM_CONVERSION = YES;
				CLANG_WARN_INT_CONVERSION = YES;
				CLANG_WARN_OBJC_ROOT_CLASS = YES_ERROR;
				CLANG_WARN_UNREACHABLE_CODE = YES;
				CLANG_WARN__DUPLICATE_METHOD_MATCH = YES;
				"CODE_SIGN_IDENTITY[sdk=iphoneos*]" = "iPhone Developer";
				COPY_PHASE_STRIP = NO;
				DEBUG_INFORMATION_FORMAT = dwarf;
				ENABLE_STRICT_OBJC_MSGSEND = YES;
				ENABLE_TESTABILITY = YES;
				GCC_C_LANGUAGE_STANDARD = gnu99;
				GCC_DYNAMIC_NO_PIC = NO;
				GCC_NO_COMMON_BLOCKS = YES;
				GCC_OPTIMIZATION_LEVEL = 0;
				GCC_PREPROCESSOR_DEFINITIONS = (
					"DEBUG=1",
					"$(inherited)",
				);
				GCC_WARN_64_TO_32_BIT_CONVERSION = YES;
				GCC_WARN_ABOUT_RETURN_TYPE = YES_ERROR;
				GCC_WARN_UNDECLARED_SELECTOR = YES;
				GCC_WARN_UNINITIALIZED_AUTOS = YES_AGGRESSIVE;
				GCC_WARN_UNUSED_FUNCTION = YES;
				GCC_WARN_UNUSED_VARIABLE = YES;
				IPHONEOS_DEPLOYMENT_TARGET = 9.2;
				MTL_ENABLE_DEBUG_INFO = YES;
				ONLY_ACTIVE_ARCH = YES;
				SDKROOT = iphoneos;
				SWIFT_OPTIMIZATION_LEVEL = "-Onone";
				TARGETED_DEVICE_FAMILY = "1,2";
			};
			name = Debug;
		};
		C3761B7F1C5F87680076762F /* Release */ = {
			isa = XCBuildConfiguration;
			buildSettings = {
				ALWAYS_SEARCH_USER_PATHS = NO;
				CLANG_CXX_LANGUAGE_STANDARD = "gnu++0x";
				CLANG_CXX_LIBRARY = "libc++";
				CLANG_ENABLE_MODULES = YES;
				CLANG_ENABLE_OBJC_ARC = YES;
				CLANG_WARN_BOOL_CONVERSION = YES;
				CLANG_WARN_CONSTANT_CONVERSION = YES;
				CLANG_WARN_DIRECT_OBJC_ISA_USAGE = YES_ERROR;
				CLANG_WARN_EMPTY_BODY = YES;
				CLANG_WARN_ENUM_CONVERSION = YES;
				CLANG_WARN_INT_CONVERSION = YES;
				CLANG_WARN_OBJC_ROOT_CLASS = YES_ERROR;
				CLANG_WARN_UNREACHABLE_CODE = YES;
				CLANG_WARN__DUPLICATE_METHOD_MATCH = YES;
				"CODE_SIGN_IDENTITY[sdk=iphoneos*]" = "iPhone Developer";
				COPY_PHASE_STRIP = NO;
				DEBUG_INFORMATION_FORMAT = "dwarf-with-dsym";
				ENABLE_NS_ASSERTIONS = NO;
				ENABLE_STRICT_OBJC_MSGSEND = YES;
				GCC_C_LANGUAGE_STANDARD = gnu99;
				GCC_NO_COMMON_BLOCKS = YES;
				GCC_WARN_64_TO_32_BIT_CONVERSION = YES;
				GCC_WARN_ABOUT_RETURN_TYPE = YES_ERROR;
				GCC_WARN_UNDECLARED_SELECTOR = YES;
				GCC_WARN_UNINITIALIZED_AUTOS = YES_AGGRESSIVE;
				GCC_WARN_UNUSED_FUNCTION = YES;
				GCC_WARN_UNUSED_VARIABLE = YES;
				IPHONEOS_DEPLOYMENT_TARGET = 9.2;
				MTL_ENABLE_DEBUG_INFO = NO;
				SDKROOT = iphoneos;
				TARGETED_DEVICE_FAMILY = "1,2";
				VALIDATE_PRODUCT = YES;
			};
			name = Release;
		};
		C3761B811C5F87680076762F /* Debug */ = {
			isa = XCBuildConfiguration;
			buildSettings = {
				ASSETCATALOG_COMPILER_APPICON_NAME = AppIcon;
				CLANG_ENABLE_MODULES = YES;
				FRAMEWORK_SEARCH_PATHS = (
					"$(inherited)",
					"$(PROJECT_DIR)/MyTinyEnglishApp",
				);
				INFOPLIST_FILE = MyTinyEnglishApp/Info.plist;
				LD_RUNPATH_SEARCH_PATHS = "$(inherited) @executable_path/Frameworks";
				PRODUCT_BUNDLE_IDENTIFIER = None.MyTinyEnglishApp;
				PRODUCT_NAME = "$(TARGET_NAME)";
				SWIFT_OBJC_BRIDGING_HEADER = "MyTinyEnglishApp/MyTinyEnglishApp-Bridging-Header.h";
				SWIFT_OPTIMIZATION_LEVEL = "-Onone";
			};
			name = Debug;
		};
		C3761B821C5F87680076762F /* Release */ = {
			isa = XCBuildConfiguration;
			buildSettings = {
				ASSETCATALOG_COMPILER_APPICON_NAME = AppIcon;
				CLANG_ENABLE_MODULES = YES;
				FRAMEWORK_SEARCH_PATHS = (
					"$(inherited)",
					"$(PROJECT_DIR)/MyTinyEnglishApp",
				);
				INFOPLIST_FILE = MyTinyEnglishApp/Info.plist;
				LD_RUNPATH_SEARCH_PATHS = "$(inherited) @executable_path/Frameworks";
				PRODUCT_BUNDLE_IDENTIFIER = None.MyTinyEnglishApp;
				PRODUCT_NAME = "$(TARGET_NAME)";
				SWIFT_OBJC_BRIDGING_HEADER = "MyTinyEnglishApp/MyTinyEnglishApp-Bridging-Header.h";
			};
			name = Release;
		};
		C3761B841C5F87680076762F /* Debug */ = {
			isa = XCBuildConfiguration;
			buildSettings = {
				BUNDLE_LOADER = "$(TEST_HOST)";
				INFOPLIST_FILE = MyTinyEnglishAppTests/Info.plist;
				LD_RUNPATH_SEARCH_PATHS = "$(inherited) @executable_path/Frameworks @loader_path/Frameworks";
				PRODUCT_BUNDLE_IDENTIFIER = None.MyTinyEnglishAppTests;
				PRODUCT_NAME = "$(TARGET_NAME)";
				TEST_HOST = "$(BUILT_PRODUCTS_DIR)/MyTinyEnglishApp.app/MyTinyEnglishApp";
			};
			name = Debug;
		};
		C3761B851C5F87680076762F /* Release */ = {
			isa = XCBuildConfiguration;
			buildSettings = {
				BUNDLE_LOADER = "$(TEST_HOST)";
				INFOPLIST_FILE = MyTinyEnglishAppTests/Info.plist;
				LD_RUNPATH_SEARCH_PATHS = "$(inherited) @executable_path/Frameworks @loader_path/Frameworks";
				PRODUCT_BUNDLE_IDENTIFIER = None.MyTinyEnglishAppTests;
				PRODUCT_NAME = "$(TARGET_NAME)";
				TEST_HOST = "$(BUILT_PRODUCTS_DIR)/MyTinyEnglishApp.app/MyTinyEnglishApp";
			};
			name = Release;
		};
		C3761B871C5F87680076762F /* Debug */ = {
			isa = XCBuildConfiguration;
			buildSettings = {
				INFOPLIST_FILE = MyTinyEnglishAppUITests/Info.plist;
				LD_RUNPATH_SEARCH_PATHS = "$(inherited) @executable_path/Frameworks @loader_path/Frameworks";
				PRODUCT_BUNDLE_IDENTIFIER = None.MyTinyEnglishAppUITests;
				PRODUCT_NAME = "$(TARGET_NAME)";
				TEST_TARGET_NAME = MyTinyEnglishApp;
				USES_XCTRUNNER = YES;
			};
			name = Debug;
		};
		C3761B881C5F87680076762F /* Release */ = {
			isa = XCBuildConfiguration;
			buildSettings = {
				INFOPLIST_FILE = MyTinyEnglishAppUITests/Info.plist;
				LD_RUNPATH_SEARCH_PATHS = "$(inherited) @executable_path/Frameworks @loader_path/Frameworks";
				PRODUCT_BUNDLE_IDENTIFIER = None.MyTinyEnglishAppUITests;
				PRODUCT_NAME = "$(TARGET_NAME)";
				TEST_TARGET_NAME = MyTinyEnglishApp;
				USES_XCTRUNNER = YES;
			};
			name = Release;
		};
/* End XCBuildConfiguration section */

/* Begin XCConfigurationList section */
		C3761B531C5F87680076762F /* Build configuration list for PBXProject "MyTinyEnglishApp" */ = {
			isa = XCConfigurationList;
			buildConfigurations = (
				C3761B7E1C5F87680076762F /* Debug */,
				C3761B7F1C5F87680076762F /* Release */,
			);
			defaultConfigurationIsVisible = 0;
			defaultConfigurationName = Release;
		};
		C3761B801C5F87680076762F /* Build configuration list for PBXNativeTarget "MyTinyEnglishApp" */ = {
			isa = XCConfigurationList;
			buildConfigurations = (
				C3761B811C5F87680076762F /* Debug */,
				C3761B821C5F87680076762F /* Release */,
			);
			defaultConfigurationIsVisible = 0;
			defaultConfigurationName = Release;
		};
		C3761B831C5F87680076762F /* Build configuration list for PBXNativeTarget "MyTinyEnglishAppTests" */ = {
			isa = XCConfigurationList;
			buildConfigurations = (
				C3761B841C5F87680076762F /* Debug */,
				C3761B851C5F87680076762F /* Release */,
			);
			defaultConfigurationIsVisible = 0;
			defaultConfigurationName = Release;
		};
		C3761B861C5F87680076762F /* Build configuration list for PBXNativeTarget "MyTinyEnglishAppUITests" */ = {
			isa = XCConfigurationList;
			buildConfigurations = (
				C3761B871C5F87680076762F /* Debug */,
				C3761B881C5F87680076762F /* Release */,
			);
			defaultConfigurationIsVisible = 0;
			defaultConfigurationName = Release;
		};
/* End XCConfigurationList section */
	};
	rootObject = C3761B501C5F87680076762F /* Project object */;
}
